
Microsoft Visual Studio Solution File, Format Version 12.00
# Visual Studio Version 16
VisualStudioVersion = 16.0.30104.148
MinimumVisualStudioVersion = 10.0.40219.1
Project("{2150E333-8FDC-42A3-9474-1A3956D46DE8}") = "1 - Presentation", "1 - Presentation", "{B669FF6B-31D2-4A84-B7EF-BE7AE0C0423F}"
EndProject
Project("{2150E333-8FDC-42A3-9474-1A3956D46DE8}") = "2 - Application", "2 - Application", "{FF68953F-CE12-43C6-8491-AA8A1F2709FF}"
EndProject
Project("{2150E333-8FDC-42A3-9474-1A3956D46DE8}") = "3 - Domain", "3 - Domain", "{2FA8CAA7-B099-47D3-B4B6-1794A91AF44E}"
EndProject
Project("{2150E333-8FDC-42A3-9474-1A3956D46DE8}") = "4 - Infra", "4 - Infra", "{539216C8-9573-49D3-8733-1B28E3F42346}"
EndProject
Project("{2150E333-8FDC-42A3-9474-1A3956D46DE8}") = "5 - Entities", "5 - Entities", "{B1309FD6-44E4-460C-BE82-77EF7598354E}"
EndProject
Project("{FAE04EC0-301F-11D3-BF4B-00C04F79EFBC}") = "Entities", "Entities\Entities.csproj", "{0D9C89A7-D195-4B1F-BC5B-CB68A8E341A4}"
EndProject
Project("{FAE04EC0-301F-11D3-BF4B-00C04F79EFBC}") = "Infrastructure", "Infrastructure\Infrastructure.csproj", "{60538DD3-F9E8-4D27-BDDF-E16F91B37A9D}"
EndProject
Project("{FAE04EC0-301F-11D3-BF4B-00C04F79EFBC}") = "Domain", "Domain\Domain.csproj", "{06626090-163C-41A8-ADBA-F21C89289AD4}"
EndProject
Project("{FAE04EC0-301F-11D3-BF4B-00C04F79EFBC}") = "ApplicationApp", "ApplicationApp\ApplicationApp.csproj", "{31D4B998-A240-432D-8F31-9ECD10E04712}"
EndProject
Global
	GlobalSection(SolutionConfigurationPlatforms) = preSolution
		Debug|Any CPU = Debug|Any CPU
		Release|Any CPU = Release|Any CPU
	EndGlobalSection
	GlobalSection(ProjectConfigurationPlatforms) = postSolution
		{0D9C89A7-D195-4B1F-BC5B-CB68A8E341A4}.Debug|Any CPU.ActiveCfg = Debug|Any CPU
		{0D9C89A7-D195-4B1F-BC5B-CB68A8E341A4}.Debug|Any CPU.Build.0 = Debug|Any CPU
		{0D9C89A7-D195-4B1F-BC5B-CB68A8E341A4}.Release|Any CPU.ActiveCfg = Release|Any CPU
		{0D9C89A7-D195-4B1F-BC5B-CB68A8E341A4}.Release|Any CPU.Build.0 = Release|Any CPU
		{60538DD3-F9E8-4D27-BDDF-E16F91B37A9D}.Debug|Any CPU.ActiveCfg = Debug|Any CPU
		{60538DD3-F9E8-4D27-BDDF-E16F91B37A9D}.Debug|Any CPU.Build.0 = Debug|Any CPU
		{60538DD3-F9E8-4D27-BDDF-E16F91B37A9D}.Release|Any CPU.ActiveCfg = Release|Any CPU
		{60538DD3-F9E8-4D27-BDDF-E16F91B37A9D}.Release|Any CPU.Build.0 = Release|Any CPU
		{06626090-163C-41A8-ADBA-F21C89289AD4}.Debug|Any CPU.ActiveCfg = Debug|Any CPU
		{06626090-163C-41A8-ADBA-F21C89289AD4}.Debug|Any CPU.Build.0 = Debug|Any CPU
		{06626090-163C-41A8-ADBA-F21C89289AD4}.Release|Any CPU.ActiveCfg = Release|Any CPU
		{06626090-163C-41A8-ADBA-F21C89289AD4}.Release|Any CPU.Build.0 = Release|Any CPU
		{31D4B998-A240-432D-8F31-9ECD10E04712}.Debug|Any CPU.ActiveCfg = Debug|Any CPU
		{31D4B998-A240-432D-8F31-9ECD10E04712}.Debug|Any CPU.Build.0 = Debug|Any CPU
		{31D4B998-A240-432D-8F31-9ECD10E04712}.Release|Any CPU.ActiveCfg = Release|Any CPU
		{31D4B998-A240-432D-8F31-9ECD10E04712}.Release|Any CPU.Build.0 = Release|Any CPU
	EndGlobalSection
	GlobalSection(SolutionProperties) = preSolution
		HideSolutionNode = FALSE
	EndGlobalSection
	GlobalSection(NestedProjects) = preSolution
		{0D9C89A7-D195-4B1F-BC5B-CB68A8E341A4} = {B1309FD6-44E4-460C-BE82-77EF7598354E}
		{60538DD3-F9E8-4D27-BDDF-E16F91B37A9D} = {539216C8-9573-49D3-8733-1B28E3F42346}
		{06626090-163C-41A8-ADBA-F21C89289AD4} = {2FA8CAA7-B099-47D3-B4B6-1794A91AF44E}
		{31D4B998-A240-432D-8F31-9ECD10E04712} = {FF68953F-CE12-43C6-8491-AA8A1F2709FF}
	EndGlobalSection
	GlobalSection(ExtensibilityGlobals) = postSolution
		SolutionGuid = {DB784297-6AB7-4426-8C20-DAB905176DD5}
	EndGlobalSection
EndGlobal
